
Microsoft Visual Studio Solution File, Format Version 12.00
# Visual Studio Version 17
VisualStudioVersion = 17.0.31903.59
MinimumVisualStudioVersion = 10.0.40219.1
Project("{FAE04EC0-301F-11D3-BF4B-00C04F79EFBC}") = "RabbitFarm", "RabbitFarm\RabbitFarm.csproj", "{B5CD4F32-8E7E-42F6-BDD1-C36074A8FBF3}"
EndProject
Global
	GlobalSection(SolutionConfigurationPlatforms) = preSolution
		Debug|Any CPU = Debug|Any CPU
		Release|Any CPU = Release|Any CPU
	EndGlobalSection
	GlobalSection(ProjectConfigurationPlatforms) = postSolution
		{B5CD4F32-8E7E-42F6-BDD1-C36074A8FBF3}.Debug|Any CPU.ActiveCfg = Debug|Any CPU
		{B5CD4F32-8E7E-42F6-BDD1-C36074A8FBF3}.Debug|Any CPU.Build.0 = Debug|Any CPU
		{B5CD4F32-8E7E-42F6-BDD1-C36074A8FBF3}.Release|Any CPU.ActiveCfg = Release|Any CPU
		{B5CD4F32-8E7E-42F6-BDD1-C36074A8FBF3}.Release|Any CPU.Build.0 = Release|Any CPU
	EndGlobalSection
	GlobalSection(SolutionProperties) = preSolution
		HideSolutionNode = FALSE
	EndGlobalSection
	GlobalSection(ExtensibilityGlobals) = postSolution
		SolutionGuid = {A0316491-CE5F-4554-98B2-DC80CEAD44ED}
	EndGlobalSection
EndGlobal
